
Microsoft Visual Studio Solution File, Format Version 12.00
# Visual Studio Version 17
VisualStudioVersion = 17.7.34221.43
MinimumVisualStudioVersion = 10.0.40219.1
Project("{9A19103F-16F7-4668-BE54-9A1E7A4F7556}") = "PM2RECU2", "PM2RECU2\PM2RECU2.csproj", "{1DCD69DB-C6D0-4C10-B00D-8B4DBF6EE3FC}"
EndProject
Global
	GlobalSection(SolutionConfigurationPlatforms) = preSolution
		Debug|Any CPU = Debug|Any CPU
		Release|Any CPU = Release|Any CPU
	EndGlobalSection
	GlobalSection(ProjectConfigurationPlatforms) = postSolution
		{1DCD69DB-C6D0-4C10-B00D-8B4DBF6EE3FC}.Debug|Any CPU.ActiveCfg = Debug|Any CPU
		{1DCD69DB-C6D0-4C10-B00D-8B4DBF6EE3FC}.Debug|Any CPU.Build.0 = Debug|Any CPU
		{1DCD69DB-C6D0-4C10-B00D-8B4DBF6EE3FC}.Debug|Any CPU.Deploy.0 = Debug|Any CPU
		{1DCD69DB-C6D0-4C10-B00D-8B4DBF6EE3FC}.Release|Any CPU.ActiveCfg = Release|Any CPU
		{1DCD69DB-C6D0-4C10-B00D-8B4DBF6EE3FC}.Release|Any CPU.Build.0 = Release|Any CPU
		{1DCD69DB-C6D0-4C10-B00D-8B4DBF6EE3FC}.Release|Any CPU.Deploy.0 = Release|Any CPU
	EndGlobalSection
	GlobalSection(SolutionProperties) = preSolution
		HideSolutionNode = FALSE
	EndGlobalSection
	GlobalSection(ExtensibilityGlobals) = postSolution
		SolutionGuid = {DE75AF45-2C68-4D54-A7A4-BB5660E60827}
	EndGlobalSection
EndGlobal
